
Microsoft Visual Studio Solution File, Format Version 12.00
# Visual Studio Version 17
VisualStudioVersion = 17.11.35312.102
MinimumVisualStudioVersion = 10.0.40219.1
Project("{9A19103F-16F7-4668-BE54-9A1E7A4F7556}") = "LagoVista.XPlat.Core", "src\LagoVista.XPlat.Core\LagoVista.XPlat.Core.csproj", "{8FA51876-7923-4046-A5CE-77057C82675E}"
EndProject
Project("{2150E333-8FDC-42A3-9474-1A3956D46DE8}") = "src", "src", "{3C23A336-10A6-4E20-9C14-63895CCFE151}"
EndProject
Project("{2150E333-8FDC-42A3-9474-1A3956D46DE8}") = "Solution Items", "Solution Items", "{29116E36-971A-426E-9C14-2AC6EA657863}"
EndProject
Project("{9A19103F-16F7-4668-BE54-9A1E7A4F7556}") = "LagoVista.Client.Core", "src\LagoVista.Client.Core\LagoVista.Client.Core.csproj", "{D37DB80B-93EA-42E3-A05C-A15D35C271D7}"
EndProject
Project("{2150E333-8FDC-42A3-9474-1A3956D46DE8}") = "Examples", "Examples", "{A145D1E8-214C-4D67-9567-418F63517448}"
EndProject
Project("{9A19103F-16F7-4668-BE54-9A1E7A4F7556}") = "LagoVista.Client.Devices", "src\LagoVista.Client.Devices\LagoVista.Client.Devices.csproj", "{AD63D4C3-3E49-48AB-A31A-0E3993AA6D78}"
EndProject
Project("{9A19103F-16F7-4668-BE54-9A1E7A4F7556}") = "LagoVista.XPlat.WPF", "src\LagoVista.Xplat.WPF\LagoVista.XPlat.WPF.csproj", "{21096012-D7A4-4B6A-9079-3FFF9833C6BA}"
EndProject
Global
	GlobalSection(SolutionConfigurationPlatforms) = preSolution
		Ad-Hoc|Any CPU = Ad-Hoc|Any CPU
		Ad-Hoc|ARM = Ad-Hoc|ARM
		Ad-Hoc|iPhone = Ad-Hoc|iPhone
		Ad-Hoc|iPhoneSimulator = Ad-Hoc|iPhoneSimulator
		Ad-Hoc|x64 = Ad-Hoc|x64
		Ad-Hoc|x86 = Ad-Hoc|x86
		AppStore|Any CPU = AppStore|Any CPU
		AppStore|ARM = AppStore|ARM
		AppStore|iPhone = AppStore|iPhone
		AppStore|iPhoneSimulator = AppStore|iPhoneSimulator
		AppStore|x64 = AppStore|x64
		AppStore|x86 = AppStore|x86
		Debug|Any CPU = Debug|Any CPU
		Debug|ARM = Debug|ARM
		Debug|iPhone = Debug|iPhone
		Debug|iPhoneSimulator = Debug|iPhoneSimulator
		Debug|x64 = Debug|x64
		Debug|x86 = Debug|x86
		iOS Build|Any CPU = iOS Build|Any CPU
		iOS Build|ARM = iOS Build|ARM
		iOS Build|iPhone = iOS Build|iPhone
		iOS Build|iPhoneSimulator = iOS Build|iPhoneSimulator
		iOS Build|x64 = iOS Build|x64
		iOS Build|x86 = iOS Build|x86
		Release|Any CPU = Release|Any CPU
		Release|ARM = Release|ARM
		Release|iPhone = Release|iPhone
		Release|iPhoneSimulator = Release|iPhoneSimulator
		Release|x64 = Release|x64
		Release|x86 = Release|x86
	EndGlobalSection
	GlobalSection(ProjectConfigurationPlatforms) = postSolution
		{8FA51876-7923-4046-A5CE-77057C82675E}.Ad-Hoc|Any CPU.ActiveCfg = Release|Any CPU
		{8FA51876-7923-4046-A5CE-77057C82675E}.Ad-Hoc|Any CPU.Build.0 = Release|Any CPU
		{8FA51876-7923-4046-A5CE-77057C82675E}.Ad-Hoc|ARM.ActiveCfg = Release|Any CPU
		{8FA51876-7923-4046-A5CE-77057C82675E}.Ad-Hoc|ARM.Build.0 = Release|Any CPU
		{8FA51876-7923-4046-A5CE-77057C82675E}.Ad-Hoc|iPhone.ActiveCfg = Release|Any CPU
		{8FA51876-7923-4046-A5CE-77057C82675E}.Ad-Hoc|iPhone.Build.0 = Release|Any CPU
		{8FA51876-7923-4046-A5CE-77057C82675E}.Ad-Hoc|iPhoneSimulator.ActiveCfg = Release|Any CPU
		{8FA51876-7923-4046-A5CE-77057C82675E}.Ad-Hoc|iPhoneSimulator.Build.0 = Release|Any CPU
		{8FA51876-7923-4046-A5CE-77057C82675E}.Ad-Hoc|x64.ActiveCfg = Release|Any CPU
		{8FA51876-7923-4046-A5CE-77057C82675E}.Ad-Hoc|x64.Build.0 = Release|Any CPU
		{8FA51876-7923-4046-A5CE-77057C82675E}.Ad-Hoc|x86.ActiveCfg = Release|Any CPU
		{8FA51876-7923-4046-A5CE-77057C82675E}.Ad-Hoc|x86.Build.0 = Release|Any CPU
		{8FA51876-7923-4046-A5CE-77057C82675E}.AppStore|Any CPU.ActiveCfg = Release|Any CPU
		{8FA51876-7923-4046-A5CE-77057C82675E}.AppStore|Any CPU.Build.0 = Release|Any CPU
		{8FA51876-7923-4046-A5CE-77057C82675E}.AppStore|ARM.ActiveCfg = Release|Any CPU
		{8FA51876-7923-4046-A5CE-77057C82675E}.AppStore|ARM.Build.0 = Release|Any CPU
		{8FA51876-7923-4046-A5CE-77057C82675E}.AppStore|iPhone.ActiveCfg = Release|Any CPU
		{8FA51876-7923-4046-A5CE-77057C82675E}.AppStore|iPhone.Build.0 = Release|Any CPU
		{8FA51876-7923-4046-A5CE-77057C82675E}.AppStore|iPhoneSimulator.ActiveCfg = Release|Any CPU
		{8FA51876-7923-4046-A5CE-77057C82675E}.AppStore|iPhoneSimulator.Build.0 = Release|Any CPU
		{8FA51876-7923-4046-A5CE-77057C82675E}.AppStore|x64.ActiveCfg = Release|Any CPU
		{8FA51876-7923-4046-A5CE-77057C82675E}.AppStore|x64.Build.0 = Release|Any CPU
		{8FA51876-7923-4046-A5CE-77057C82675E}.AppStore|x86.ActiveCfg = Release|Any CPU
		{8FA51876-7923-4046-A5CE-77057C82675E}.AppStore|x86.Build.0 = Release|Any CPU
		{8FA51876-7923-4046-A5CE-77057C82675E}.Debug|Any CPU.ActiveCfg = Debug|Any CPU
		{8FA51876-7923-4046-A5CE-77057C82675E}.Debug|Any CPU.Build.0 = Debug|Any CPU
		{8FA51876-7923-4046-A5CE-77057C82675E}.Debug|ARM.ActiveCfg = Debug|Any CPU
		{8FA51876-7923-4046-A5CE-77057C82675E}.Debug|ARM.Build.0 = Debug|Any CPU
		{8FA51876-7923-4046-A5CE-77057C82675E}.Debug|iPhone.ActiveCfg = Debug|Any CPU
		{8FA51876-7923-4046-A5CE-77057C82675E}.Debug|iPhone.Build.0 = Debug|Any CPU
		{8FA51876-7923-4046-A5CE-77057C82675E}.Debug|iPhoneSimulator.ActiveCfg = Debug|Any CPU
		{8FA51876-7923-4046-A5CE-77057C82675E}.Debug|iPhoneSimulator.Build.0 = Debug|Any CPU
		{8FA51876-7923-4046-A5CE-77057C82675E}.Debug|x64.ActiveCfg = Debug|Any CPU
		{8FA51876-7923-4046-A5CE-77057C82675E}.Debug|x64.Build.0 = Debug|Any CPU
		{8FA51876-7923-4046-A5CE-77057C82675E}.Debug|x86.ActiveCfg = Debug|Any CPU
		{8FA51876-7923-4046-A5CE-77057C82675E}.Debug|x86.Build.0 = Debug|Any CPU
		{8FA51876-7923-4046-A5CE-77057C82675E}.iOS Build|Any CPU.ActiveCfg = Debug|Any CPU
		{8FA51876-7923-4046-A5CE-77057C82675E}.iOS Build|Any CPU.Build.0 = Debug|Any CPU
		{8FA51876-7923-4046-A5CE-77057C82675E}.iOS Build|ARM.ActiveCfg = Debug|Any CPU
		{8FA51876-7923-4046-A5CE-77057C82675E}.iOS Build|ARM.Build.0 = Debug|Any CPU
		{8FA51876-7923-4046-A5CE-77057C82675E}.iOS Build|iPhone.ActiveCfg = Release|Any CPU
		{8FA51876-7923-4046-A5CE-77057C82675E}.iOS Build|iPhone.Build.0 = Release|Any CPU
		{8FA51876-7923-4046-A5CE-77057C82675E}.iOS Build|iPhoneSimulator.ActiveCfg = Release|Any CPU
		{8FA51876-7923-4046-A5CE-77057C82675E}.iOS Build|iPhoneSimulator.Build.0 = Release|Any CPU
		{8FA51876-7923-4046-A5CE-77057C82675E}.iOS Build|x64.ActiveCfg = Debug|Any CPU
		{8FA51876-7923-4046-A5CE-77057C82675E}.iOS Build|x64.Build.0 = Debug|Any CPU
		{8FA51876-7923-4046-A5CE-77057C82675E}.iOS Build|x86.ActiveCfg = Debug|Any CPU
		{8FA51876-7923-4046-A5CE-77057C82675E}.iOS Build|x86.Build.0 = Debug|Any CPU
		{8FA51876-7923-4046-A5CE-77057C82675E}.Release|Any CPU.ActiveCfg = Release|Any CPU
		{8FA51876-7923-4046-A5CE-77057C82675E}.Release|Any CPU.Build.0 = Release|Any CPU
		{8FA51876-7923-4046-A5CE-77057C82675E}.Release|ARM.ActiveCfg = Release|Any CPU
		{8FA51876-7923-4046-A5CE-77057C82675E}.Release|ARM.Build.0 = Release|Any CPU
		{8FA51876-7923-4046-A5CE-77057C82675E}.Release|iPhone.ActiveCfg = Release|Any CPU
		{8FA51876-7923-4046-A5CE-77057C82675E}.Release|iPhone.Build.0 = Release|Any CPU
		{8FA51876-7923-4046-A5CE-77057C82675E}.Release|iPhoneSimulator.ActiveCfg = Release|Any CPU
		{8FA51876-7923-4046-A5CE-77057C82675E}.Release|iPhoneSimulator.Build.0 = Release|Any CPU
		{8FA51876-7923-4046-A5CE-77057C82675E}.Release|x64.ActiveCfg = Release|Any CPU
		{8FA51876-7923-4046-A5CE-77057C82675E}.Release|x64.Build.0 = Release|Any CPU
		{8FA51876-7923-4046-A5CE-77057C82675E}.Release|x86.ActiveCfg = Release|Any CPU
		{8FA51876-7923-4046-A5CE-77057C82675E}.Release|x86.Build.0 = Release|Any CPU
		{D37DB80B-93EA-42E3-A05C-A15D35C271D7}.Ad-Hoc|Any CPU.ActiveCfg = Debug|Any CPU
		{D37DB80B-93EA-42E3-A05C-A15D35C271D7}.Ad-Hoc|Any CPU.Build.0 = Debug|Any CPU
		{D37DB80B-93EA-42E3-A05C-A15D35C271D7}.Ad-Hoc|ARM.ActiveCfg = Debug|Any CPU
		{D37DB80B-93EA-42E3-A05C-A15D35C271D7}.Ad-Hoc|ARM.Build.0 = Debug|Any CPU
		{D37DB80B-93EA-42E3-A05C-A15D35C271D7}.Ad-Hoc|iPhone.ActiveCfg = Debug|Any CPU
		{D37DB80B-93EA-42E3-A05C-A15D35C271D7}.Ad-Hoc|iPhone.Build.0 = Debug|Any CPU
		{D37DB80B-93EA-42E3-A05C-A15D35C271D7}.Ad-Hoc|iPhoneSimulator.ActiveCfg = Debug|Any CPU
		{D37DB80B-93EA-42E3-A05C-A15D35C271D7}.Ad-Hoc|iPhoneSimulator.Build.0 = Debug|Any CPU
		{D37DB80B-93EA-42E3-A05C-A15D35C271D7}.Ad-Hoc|x64.ActiveCfg = Debug|Any CPU
		{D37DB80B-93EA-42E3-A05C-A15D35C271D7}.Ad-Hoc|x64.Build.0 = Debug|Any CPU
		{D37DB80B-93EA-42E3-A05C-A15D35C271D7}.Ad-Hoc|x86.ActiveCfg = Debug|Any CPU
		{D37DB80B-93EA-42E3-A05C-A15D35C271D7}.Ad-Hoc|x86.Build.0 = Debug|Any CPU
		{D37DB80B-93EA-42E3-A05C-A15D35C271D7}.AppStore|Any CPU.ActiveCfg = Debug|Any CPU
		{D37DB80B-93EA-42E3-A05C-A15D35C271D7}.AppStore|Any CPU.Build.0 = Debug|Any CPU
		{D37DB80B-93EA-42E3-A05C-A15D35C271D7}.AppStore|ARM.ActiveCfg = Debug|Any CPU
		{D37DB80B-93EA-42E3-A05C-A15D35C271D7}.AppStore|ARM.Build.0 = Debug|Any CPU
		{D37DB80B-93EA-42E3-A05C-A15D35C271D7}.AppStore|iPhone.ActiveCfg = Debug|Any CPU
		{D37DB80B-93EA-42E3-A05C-A15D35C271D7}.AppStore|iPhone.Build.0 = Debug|Any CPU
		{D37DB80B-93EA-42E3-A05C-A15D35C271D7}.AppStore|iPhoneSimulator.ActiveCfg = Debug|Any CPU
		{D37DB80B-93EA-42E3-A05C-A15D35C271D7}.AppStore|iPhoneSimulator.Build.0 = Debug|Any CPU
		{D37DB80B-93EA-42E3-A05C-A15D35C271D7}.AppStore|x64.ActiveCfg = Debug|Any CPU
		{D37DB80B-93EA-42E3-A05C-A15D35C271D7}.AppStore|x64.Build.0 = Debug|Any CPU
		{D37DB80B-93EA-42E3-A05C-A15D35C271D7}.AppStore|x86.ActiveCfg = Debug|Any CPU
		{D37DB80B-93EA-42E3-A05C-A15D35C271D7}.AppStore|x86.Build.0 = Debug|Any CPU
		{D37DB80B-93EA-42E3-A05C-A15D35C271D7}.Debug|Any CPU.ActiveCfg = Debug|Any CPU
		{D37DB80B-93EA-42E3-A05C-A15D35C271D7}.Debug|Any CPU.Build.0 = Debug|Any CPU
		{D37DB80B-93EA-42E3-A05C-A15D35C271D7}.Debug|ARM.ActiveCfg = Debug|Any CPU
		{D37DB80B-93EA-42E3-A05C-A15D35C271D7}.Debug|ARM.Build.0 = Debug|Any CPU
		{D37DB80B-93EA-42E3-A05C-A15D35C271D7}.Debug|iPhone.ActiveCfg = Debug|Any CPU
		{D37DB80B-93EA-42E3-A05C-A15D35C271D7}.Debug|iPhone.Build.0 = Debug|Any CPU
		{D37DB80B-93EA-42E3-A05C-A15D35C271D7}.Debug|iPhoneSimulator.ActiveCfg = Debug|Any CPU
		{D37DB80B-93EA-42E3-A05C-A15D35C271D7}.Debug|iPhoneSimulator.Build.0 = Debug|Any CPU
		{D37DB80B-93EA-42E3-A05C-A15D35C271D7}.Debug|x64.ActiveCfg = Debug|Any CPU
		{D37DB80B-93EA-42E3-A05C-A15D35C271D7}.Debug|x64.Build.0 = Debug|Any CPU
		{D37DB80B-93EA-42E3-A05C-A15D35C271D7}.Debug|x86.ActiveCfg = Debug|Any CPU
		{D37DB80B-93EA-42E3-A05C-A15D35C271D7}.Debug|x86.Build.0 = Debug|Any CPU
		{D37DB80B-93EA-42E3-A05C-A15D35C271D7}.iOS Build|Any CPU.ActiveCfg = Debug|Any CPU
		{D37DB80B-93EA-42E3-A05C-A15D35C271D7}.iOS Build|Any CPU.Build.0 = Debug|Any CPU
		{D37DB80B-93EA-42E3-A05C-A15D35C271D7}.iOS Build|ARM.ActiveCfg = Debug|Any CPU
		{D37DB80B-93EA-42E3-A05C-A15D35C271D7}.iOS Build|ARM.Build.0 = Debug|Any CPU
		{D37DB80B-93EA-42E3-A05C-A15D35C271D7}.iOS Build|iPhone.ActiveCfg = Debug|Any CPU
		{D37DB80B-93EA-42E3-A05C-A15D35C271D7}.iOS Build|iPhone.Build.0 = Debug|Any CPU
		{D37DB80B-93EA-42E3-A05C-A15D35C271D7}.iOS Build|iPhoneSimulator.ActiveCfg = Debug|Any CPU
		{D37DB80B-93EA-42E3-A05C-A15D35C271D7}.iOS Build|iPhoneSimulator.Build.0 = Debug|Any CPU
		{D37DB80B-93EA-42E3-A05C-A15D35C271D7}.iOS Build|x64.ActiveCfg = Debug|Any CPU
		{D37DB80B-93EA-42E3-A05C-A15D35C271D7}.iOS Build|x64.Build.0 = Debug|Any CPU
		{D37DB80B-93EA-42E3-A05C-A15D35C271D7}.iOS Build|x86.ActiveCfg = Debug|Any CPU
		{D37DB80B-93EA-42E3-A05C-A15D35C271D7}.iOS Build|x86.Build.0 = Debug|Any CPU
		{D37DB80B-93EA-42E3-A05C-A15D35C271D7}.Release|Any CPU.ActiveCfg = Release|Any CPU
		{D37DB80B-93EA-42E3-A05C-A15D35C271D7}.Release|Any CPU.Build.0 = Release|Any CPU
		{D37DB80B-93EA-42E3-A05C-A15D35C271D7}.Release|ARM.ActiveCfg = Release|Any CPU
		{D37DB80B-93EA-42E3-A05C-A15D35C271D7}.Release|ARM.Build.0 = Release|Any CPU
		{D37DB80B-93EA-42E3-A05C-A15D35C271D7}.Release|iPhone.ActiveCfg = Release|Any CPU
		{D37DB80B-93EA-42E3-A05C-A15D35C271D7}.Release|iPhone.Build.0 = Release|Any CPU
		{D37DB80B-93EA-42E3-A05C-A15D35C271D7}.Release|iPhoneSimulator.ActiveCfg = Release|Any CPU
		{D37DB80B-93EA-42E3-A05C-A15D35C271D7}.Release|iPhoneSimulator.Build.0 = Release|Any CPU
		{D37DB80B-93EA-42E3-A05C-A15D35C271D7}.Release|x64.ActiveCfg = Release|Any CPU
		{D37DB80B-93EA-42E3-A05C-A15D35C271D7}.Release|x64.Build.0 = Release|Any CPU
		{D37DB80B-93EA-42E3-A05C-A15D35C271D7}.Release|x86.ActiveCfg = Release|Any CPU
		{D37DB80B-93EA-42E3-A05C-A15D35C271D7}.Release|x86.Build.0 = Release|Any CPU
		{AD63D4C3-3E49-48AB-A31A-0E3993AA6D78}.Ad-Hoc|Any CPU.ActiveCfg = Debug|Any CPU
		{AD63D4C3-3E49-48AB-A31A-0E3993AA6D78}.Ad-Hoc|Any CPU.Build.0 = Debug|Any CPU
		{AD63D4C3-3E49-48AB-A31A-0E3993AA6D78}.Ad-Hoc|ARM.ActiveCfg = Debug|Any CPU
		{AD63D4C3-3E49-48AB-A31A-0E3993AA6D78}.Ad-Hoc|ARM.Build.0 = Debug|Any CPU
		{AD63D4C3-3E49-48AB-A31A-0E3993AA6D78}.Ad-Hoc|iPhone.ActiveCfg = Debug|Any CPU
		{AD63D4C3-3E49-48AB-A31A-0E3993AA6D78}.Ad-Hoc|iPhone.Build.0 = Debug|Any CPU
		{AD63D4C3-3E49-48AB-A31A-0E3993AA6D78}.Ad-Hoc|iPhoneSimulator.ActiveCfg = Debug|Any CPU
		{AD63D4C3-3E49-48AB-A31A-0E3993AA6D78}.Ad-Hoc|iPhoneSimulator.Build.0 = Debug|Any CPU
		{AD63D4C3-3E49-48AB-A31A-0E3993AA6D78}.Ad-Hoc|x64.ActiveCfg = Debug|Any CPU
		{AD63D4C3-3E49-48AB-A31A-0E3993AA6D78}.Ad-Hoc|x64.Build.0 = Debug|Any CPU
		{AD63D4C3-3E49-48AB-A31A-0E3993AA6D78}.Ad-Hoc|x86.ActiveCfg = Debug|Any CPU
		{AD63D4C3-3E49-48AB-A31A-0E3993AA6D78}.Ad-Hoc|x86.Build.0 = Debug|Any CPU
		{AD63D4C3-3E49-48AB-A31A-0E3993AA6D78}.AppStore|Any CPU.ActiveCfg = Debug|Any CPU
		{AD63D4C3-3E49-48AB-A31A-0E3993AA6D78}.AppStore|Any CPU.Build.0 = Debug|Any CPU
		{AD63D4C3-3E49-48AB-A31A-0E3993AA6D78}.AppStore|ARM.ActiveCfg = Debug|Any CPU
		{AD63D4C3-3E49-48AB-A31A-0E3993AA6D78}.AppStore|ARM.Build.0 = Debug|Any CPU
		{AD63D4C3-3E49-48AB-A31A-0E3993AA6D78}.AppStore|iPhone.ActiveCfg = Debug|Any CPU
		{AD63D4C3-3E49-48AB-A31A-0E3993AA6D78}.AppStore|iPhone.Build.0 = Debug|Any CPU
		{AD63D4C3-3E49-48AB-A31A-0E3993AA6D78}.AppStore|iPhoneSimulator.ActiveCfg = Debug|Any CPU
		{AD63D4C3-3E49-48AB-A31A-0E3993AA6D78}.AppStore|iPhoneSimulator.Build.0 = Debug|Any CPU
		{AD63D4C3-3E49-48AB-A31A-0E3993AA6D78}.AppStore|x64.ActiveCfg = Debug|Any CPU
		{AD63D4C3-3E49-48AB-A31A-0E3993AA6D78}.AppStore|x64.Build.0 = Debug|Any CPU
		{AD63D4C3-3E49-48AB-A31A-0E3993AA6D78}.AppStore|x86.ActiveCfg = Debug|Any CPU
		{AD63D4C3-3E49-48AB-A31A-0E3993AA6D78}.AppStore|x86.Build.0 = Debug|Any CPU
		{AD63D4C3-3E49-48AB-A31A-0E3993AA6D78}.Debug|Any CPU.ActiveCfg = Debug|Any CPU
		{AD63D4C3-3E49-48AB-A31A-0E3993AA6D78}.Debug|Any CPU.Build.0 = Debug|Any CPU
		{AD63D4C3-3E49-48AB-A31A-0E3993AA6D78}.Debug|ARM.ActiveCfg = Debug|Any CPU
		{AD63D4C3-3E49-48AB-A31A-0E3993AA6D78}.Debug|ARM.Build.0 = Debug|Any CPU
		{AD63D4C3-3E49-48AB-A31A-0E3993AA6D78}.Debug|iPhone.ActiveCfg = Debug|Any CPU
		{AD63D4C3-3E49-48AB-A31A-0E3993AA6D78}.Debug|iPhone.Build.0 = Debug|Any CPU
		{AD63D4C3-3E49-48AB-A31A-0E3993AA6D78}.Debug|iPhoneSimulator.ActiveCfg = Debug|Any CPU
		{AD63D4C3-3E49-48AB-A31A-0E3993AA6D78}.Debug|iPhoneSimulator.Build.0 = Debug|Any CPU
		{AD63D4C3-3E49-48AB-A31A-0E3993AA6D78}.Debug|x64.ActiveCfg = Debug|Any CPU
		{AD63D4C3-3E49-48AB-A31A-0E3993AA6D78}.Debug|x64.Build.0 = Debug|Any CPU
		{AD63D4C3-3E49-48AB-A31A-0E3993AA6D78}.Debug|x86.ActiveCfg = Debug|Any CPU
		{AD63D4C3-3E49-48AB-A31A-0E3993AA6D78}.Debug|x86.Build.0 = Debug|Any CPU
		{AD63D4C3-3E49-48AB-A31A-0E3993AA6D78}.iOS Build|Any CPU.ActiveCfg = Debug|Any CPU
		{AD63D4C3-3E49-48AB-A31A-0E3993AA6D78}.iOS Build|Any CPU.Build.0 = Debug|Any CPU
		{AD63D4C3-3E49-48AB-A31A-0E3993AA6D78}.iOS Build|ARM.ActiveCfg = Debug|Any CPU
		{AD63D4C3-3E49-48AB-A31A-0E3993AA6D78}.iOS Build|ARM.Build.0 = Debug|Any CPU
		{AD63D4C3-3E49-48AB-A31A-0E3993AA6D78}.iOS Build|iPhone.ActiveCfg = Debug|Any CPU
		{AD63D4C3-3E49-48AB-A31A-0E3993AA6D78}.iOS Build|iPhone.Build.0 = Debug|Any CPU
		{AD63D4C3-3E49-48AB-A31A-0E3993AA6D78}.iOS Build|iPhoneSimulator.ActiveCfg = Debug|Any CPU
		{AD63D4C3-3E49-48AB-A31A-0E3993AA6D78}.iOS Build|iPhoneSimulator.Build.0 = Debug|Any CPU
		{AD63D4C3-3E49-48AB-A31A-0E3993AA6D78}.iOS Build|x64.ActiveCfg = Debug|Any CPU
		{AD63D4C3-3E49-48AB-A31A-0E3993AA6D78}.iOS Build|x64.Build.0 = Debug|Any CPU
		{AD63D4C3-3E49-48AB-A31A-0E3993AA6D78}.iOS Build|x86.ActiveCfg = Debug|Any CPU
		{AD63D4C3-3E49-48AB-A31A-0E3993AA6D78}.iOS Build|x86.Build.0 = Debug|Any CPU
		{AD63D4C3-3E49-48AB-A31A-0E3993AA6D78}.Release|Any CPU.ActiveCfg = Release|Any CPU
		{AD63D4C3-3E49-48AB-A31A-0E3993AA6D78}.Release|Any CPU.Build.0 = Release|Any CPU
		{AD63D4C3-3E49-48AB-A31A-0E3993AA6D78}.Release|ARM.ActiveCfg = Release|Any CPU
		{AD63D4C3-3E49-48AB-A31A-0E3993AA6D78}.Release|ARM.Build.0 = Release|Any CPU
		{AD63D4C3-3E49-48AB-A31A-0E3993AA6D78}.Release|iPhone.ActiveCfg = Release|Any CPU
		{AD63D4C3-3E49-48AB-A31A-0E3993AA6D78}.Release|iPhone.Build.0 = Release|Any CPU
		{AD63D4C3-3E49-48AB-A31A-0E3993AA6D78}.Release|iPhoneSimulator.ActiveCfg = Release|Any CPU
		{AD63D4C3-3E49-48AB-A31A-0E3993AA6D78}.Release|iPhoneSimulator.Build.0 = Release|Any CPU
		{AD63D4C3-3E49-48AB-A31A-0E3993AA6D78}.Release|x64.ActiveCfg = Release|Any CPU
		{AD63D4C3-3E49-48AB-A31A-0E3993AA6D78}.Release|x64.Build.0 = Release|Any CPU
		{AD63D4C3-3E49-48AB-A31A-0E3993AA6D78}.Release|x86.ActiveCfg = Release|Any CPU
		{AD63D4C3-3E49-48AB-A31A-0E3993AA6D78}.Release|x86.Build.0 = Release|Any CPU
		{21096012-D7A4-4B6A-9079-3FFF9833C6BA}.Ad-Hoc|Any CPU.ActiveCfg = Debug|Any CPU
		{21096012-D7A4-4B6A-9079-3FFF9833C6BA}.Ad-Hoc|Any CPU.Build.0 = Debug|Any CPU
		{21096012-D7A4-4B6A-9079-3FFF9833C6BA}.Ad-Hoc|ARM.ActiveCfg = Debug|Any CPU
		{21096012-D7A4-4B6A-9079-3FFF9833C6BA}.Ad-Hoc|ARM.Build.0 = Debug|Any CPU
		{21096012-D7A4-4B6A-9079-3FFF9833C6BA}.Ad-Hoc|iPhone.ActiveCfg = Debug|Any CPU
		{21096012-D7A4-4B6A-9079-3FFF9833C6BA}.Ad-Hoc|iPhone.Build.0 = Debug|Any CPU
		{21096012-D7A4-4B6A-9079-3FFF9833C6BA}.Ad-Hoc|iPhoneSimulator.ActiveCfg = Debug|Any CPU
		{21096012-D7A4-4B6A-9079-3FFF9833C6BA}.Ad-Hoc|iPhoneSimulator.Build.0 = Debug|Any CPU
		{21096012-D7A4-4B6A-9079-3FFF9833C6BA}.Ad-Hoc|x64.ActiveCfg = Debug|Any CPU
		{21096012-D7A4-4B6A-9079-3FFF9833C6BA}.Ad-Hoc|x64.Build.0 = Debug|Any CPU
		{21096012-D7A4-4B6A-9079-3FFF9833C6BA}.Ad-Hoc|x86.ActiveCfg = Debug|Any CPU
		{21096012-D7A4-4B6A-9079-3FFF9833C6BA}.Ad-Hoc|x86.Build.0 = Debug|Any CPU
		{21096012-D7A4-4B6A-9079-3FFF9833C6BA}.AppStore|Any CPU.ActiveCfg = Debug|Any CPU
		{21096012-D7A4-4B6A-9079-3FFF9833C6BA}.AppStore|Any CPU.Build.0 = Debug|Any CPU
		{21096012-D7A4-4B6A-9079-3FFF9833C6BA}.AppStore|ARM.ActiveCfg = Debug|Any CPU
		{21096012-D7A4-4B6A-9079-3FFF9833C6BA}.AppStore|ARM.Build.0 = Debug|Any CPU
		{21096012-D7A4-4B6A-9079-3FFF9833C6BA}.AppStore|iPhone.ActiveCfg = Debug|Any CPU
		{21096012-D7A4-4B6A-9079-3FFF9833C6BA}.AppStore|iPhone.Build.0 = Debug|Any CPU
		{21096012-D7A4-4B6A-9079-3FFF9833C6BA}.AppStore|iPhoneSimulator.ActiveCfg = Debug|Any CPU
		{21096012-D7A4-4B6A-9079-3FFF9833C6BA}.AppStore|iPhoneSimulator.Build.0 = Debug|Any CPU
		{21096012-D7A4-4B6A-9079-3FFF9833C6BA}.AppStore|x64.ActiveCfg = Debug|Any CPU
		{21096012-D7A4-4B6A-9079-3FFF9833C6BA}.AppStore|x64.Build.0 = Debug|Any CPU
		{21096012-D7A4-4B6A-9079-3FFF9833C6BA}.AppStore|x86.ActiveCfg = Debug|Any CPU
		{21096012-D7A4-4B6A-9079-3FFF9833C6BA}.AppStore|x86.Build.0 = Debug|Any CPU
		{21096012-D7A4-4B6A-9079-3FFF9833C6BA}.Debug|Any CPU.ActiveCfg = Debug|Any CPU
		{21096012-D7A4-4B6A-9079-3FFF9833C6BA}.Debug|Any CPU.Build.0 = Debug|Any CPU
		{21096012-D7A4-4B6A-9079-3FFF9833C6BA}.Debug|ARM.ActiveCfg = Debug|Any CPU
		{21096012-D7A4-4B6A-9079-3FFF9833C6BA}.Debug|ARM.Build.0 = Debug|Any CPU
		{21096012-D7A4-4B6A-9079-3FFF9833C6BA}.Debug|iPhone.ActiveCfg = Debug|Any CPU
		{21096012-D7A4-4B6A-9079-3FFF9833C6BA}.Debug|iPhone.Build.0 = Debug|Any CPU
		{21096012-D7A4-4B6A-9079-3FFF9833C6BA}.Debug|iPhoneSimulator.ActiveCfg = Debug|Any CPU
		{21096012-D7A4-4B6A-9079-3FFF9833C6BA}.Debug|iPhoneSimulator.Build.0 = Debug|Any CPU
		{21096012-D7A4-4B6A-9079-3FFF9833C6BA}.Debug|x64.ActiveCfg = Debug|Any CPU
		{21096012-D7A4-4B6A-9079-3FFF9833C6BA}.Debug|x64.Build.0 = Debug|Any CPU
		{21096012-D7A4-4B6A-9079-3FFF9833C6BA}.Debug|x86.ActiveCfg = Debug|Any CPU
		{21096012-D7A4-4B6A-9079-3FFF9833C6BA}.Debug|x86.Build.0 = Debug|Any CPU
		{21096012-D7A4-4B6A-9079-3FFF9833C6BA}.iOS Build|Any CPU.ActiveCfg = Debug|Any CPU
		{21096012-D7A4-4B6A-9079-3FFF9833C6BA}.iOS Build|Any CPU.Build.0 = Debug|Any CPU
		{21096012-D7A4-4B6A-9079-3FFF9833C6BA}.iOS Build|ARM.ActiveCfg = Debug|Any CPU
		{21096012-D7A4-4B6A-9079-3FFF9833C6BA}.iOS Build|ARM.Build.0 = Debug|Any CPU
		{21096012-D7A4-4B6A-9079-3FFF9833C6BA}.iOS Build|iPhone.ActiveCfg = Debug|Any CPU
		{21096012-D7A4-4B6A-9079-3FFF9833C6BA}.iOS Build|iPhone.Build.0 = Debug|Any CPU
		{21096012-D7A4-4B6A-9079-3FFF9833C6BA}.iOS Build|iPhoneSimulator.ActiveCfg = Debug|Any CPU
		{21096012-D7A4-4B6A-9079-3FFF9833C6BA}.iOS Build|iPhoneSimulator.Build.0 = Debug|Any CPU
		{21096012-D7A4-4B6A-9079-3FFF9833C6BA}.iOS Build|x64.ActiveCfg = Debug|Any CPU
		{21096012-D7A4-4B6A-9079-3FFF9833C6BA}.iOS Build|x64.Build.0 = Debug|Any CPU
		{21096012-D7A4-4B6A-9079-3FFF9833C6BA}.iOS Build|x86.ActiveCfg = Debug|Any CPU
		{21096012-D7A4-4B6A-9079-3FFF9833C6BA}.iOS Build|x86.Build.0 = Debug|Any CPU
		{21096012-D7A4-4B6A-9079-3FFF9833C6BA}.Release|Any CPU.ActiveCfg = Release|Any CPU
		{21096012-D7A4-4B6A-9079-3FFF9833C6BA}.Release|Any CPU.Build.0 = Release|Any CPU
		{21096012-D7A4-4B6A-9079-3FFF9833C6BA}.Release|ARM.ActiveCfg = Release|Any CPU
		{21096012-D7A4-4B6A-9079-3FFF9833C6BA}.Release|ARM.Build.0 = Release|Any CPU
		{21096012-D7A4-4B6A-9079-3FFF9833C6BA}.Release|iPhone.ActiveCfg = Release|Any CPU
		{21096012-D7A4-4B6A-9079-3FFF9833C6BA}.Release|iPhone.Build.0 = Release|Any CPU
		{21096012-D7A4-4B6A-9079-3FFF9833C6BA}.Release|iPhoneSimulator.ActiveCfg = Release|Any CPU
		{21096012-D7A4-4B6A-9079-3FFF9833C6BA}.Release|iPhoneSimulator.Build.0 = Release|Any CPU
		{21096012-D7A4-4B6A-9079-3FFF9833C6BA}.Release|x64.ActiveCfg = Release|Any CPU
		{21096012-D7A4-4B6A-9079-3FFF9833C6BA}.Release|x64.Build.0 = Release|Any CPU
		{21096012-D7A4-4B6A-9079-3FFF9833C6BA}.Release|x86.ActiveCfg = Release|Any CPU
		{21096012-D7A4-4B6A-9079-3FFF9833C6BA}.Release|x86.Build.0 = Release|Any CPU
	EndGlobalSection
	GlobalSection(SolutionProperties) = preSolution
		HideSolutionNode = FALSE
	EndGlobalSection
	GlobalSection(NestedProjects) = preSolution
		{8FA51876-7923-4046-A5CE-77057C82675E} = {3C23A336-10A6-4E20-9C14-63895CCFE151}
		{D37DB80B-93EA-42E3-A05C-A15D35C271D7} = {3C23A336-10A6-4E20-9C14-63895CCFE151}
		{AD63D4C3-3E49-48AB-A31A-0E3993AA6D78} = {3C23A336-10A6-4E20-9C14-63895CCFE151}
		{21096012-D7A4-4B6A-9079-3FFF9833C6BA} = {3C23A336-10A6-4E20-9C14-63895CCFE151}
	EndGlobalSection
	GlobalSection(ExtensibilityGlobals) = postSolution
		SolutionGuid = {15181C33-604F-461B-97E2-B84BAFBA0BEB}
	EndGlobalSection
EndGlobal
